PODS:
  - QuickBlox (2.6)
  - SVProgressHUD (1.1.3)
  - TPKeyboardAvoiding (1.2.11)

DEPENDENCIES:
  - QuickBlox
  - SVProgressHUD
  - TPKeyboardAvoiding

SPEC CHECKSUMS:
  QuickBlox: b5569f2b7bdb23269d399f8f2a3563da7c75d099
  SVProgressHUD: 748080e4f36e603f6c02aec292664239df5279c1
  TPKeyboardAvoiding: e5ce146b313de063957bfa75a13f1e9b0ff18ab7

COCOAPODS: 0.39.0
