// !$*UTF8*$!
{
	archiveVersion = 1;
	classes = {
	};
	objectVersion = 46;
	objects = {

/* Begin PBXBuildFile section */
		290C029A1C1321440093D12A /* SettingController.m in Sources */ = {isa = PBXBuildFile; fileRef = 290C02991C1321440093D12A /* SettingController.m */; };
		290C029C1C1367270093D12A /* iAd.framework in Frameworks */ = {isa = PBXBuildFile; fileRef = 290C029B1C1367270093D12A /* iAd.framework */; };
		290C02A51C136EE40093D12A /* SearchController.m in Sources */ = {isa = PBXBuildFile; fileRef = 290C02A41C136EE40093D12A /* SearchController.m */; };
		290F90101C1205B900F345D8 /* Default-568h@2x.png in Resources */ = {isa = PBXBuildFile; fileRef = 290F900D1C1205B900F345D8 /* Default-568h@2x.png */; };
		290F90111C1205B900F345D8 /* Default.png in Resources */ = {isa = PBXBuildFile; fileRef = 290F900E1C1205B900F345D8 /* Default.png */; };
		290F90121C1205B900F345D8 /* Default@2x.png in Resources */ = {isa = PBXBuildFile; fileRef = 290F900F1C1205B900F345D8 /* Default@2x.png */; };
		294891C41C0F87300086D1BE /* main.m in Sources */ = {isa = PBXBuildFile; fileRef = 294891C31C0F87300086D1BE /* main.m */; };
		294891C71C0F87300086D1BE /* AppDelegate.m in Sources */ = {isa = PBXBuildFile; fileRef = 294891C61C0F87300086D1BE /* AppDelegate.m */; };
		294891CD1C0F87300086D1BE /* Main.storyboard in Resources */ = {isa = PBXBuildFile; fileRef = 294891CB1C0F87300086D1BE /* Main.storyboard */; };
		294891CF1C0F87300086D1BE /* Assets.xcassets in Resources */ = {isa = PBXBuildFile; fileRef = 294891CE1C0F87300086D1BE /* Assets.xcassets */; };
		29EE593B1C154A870056BB44 /* FBSDKCoreKit.framework in Frameworks */ = {isa = PBXBuildFile; fileRef = 29EE59381C154A870056BB44 /* FBSDKCoreKit.framework */; };
		29EE593C1C154A870056BB44 /* FBSDKLoginKit.framework in Frameworks */ = {isa = PBXBuildFile; fileRef = 29EE59391C154A870056BB44 /* FBSDKLoginKit.framework */; };
		29EE593D1C154A870056BB44 /* FBSDKShareKit.framework in Frameworks */ = {isa = PBXBuildFile; fileRef = 29EE593A1C154A870056BB44 /* FBSDKShareKit.framework */; };
		4F4AB06D1C2BED08005B91AE /* NBTouchAndHoldButton.m in Sources */ = {isa = PBXBuildFile; fileRef = 4F4AB06C1C2BED08005B91AE /* NBTouchAndHoldButton.m */; };
		4FB519251C271BC000EA06D5 /* AppCenter.m in Sources */ = {isa = PBXBuildFile; fileRef = 4FB519241C271BC000EA06D5 /* AppCenter.m */; };
		A701259BD35DE625F1AA06A0 /* libPods-NudgeBuddies.a in Frameworks */ = {isa = PBXBuildFile; fileRef = FA4AF5678EEAF894A5D9F370 /* libPods-NudgeBuddies.a */; };
		CF5AA1381C1EBA6C00B86FD2 /* NudgeButton.m in Sources */ = {isa = PBXBuildFile; fileRef = CF5AA1361C1EBA6C00B86FD2 /* NudgeButton.m */; };
		CF5AA1391C1EBA6C00B86FD2 /* NudgeButton.xib in Resources */ = {isa = PBXBuildFile; fileRef = CF5AA1371C1EBA6C00B86FD2 /* NudgeButton.xib */; };
		CF7D9A0E1C1F3EE30084D555 /* Menu.m in Sources */ = {isa = PBXBuildFile; fileRef = CF7D9A0D1C1F3EE30084D555 /* Menu.m */; };
		CFD8EEF21C161BCE00F47D45 /* CoreMotion.framework in Frameworks */ = {isa = PBXBuildFile; fileRef = CFD8EEF11C161BCE00F47D45 /* CoreMotion.framework */; };
		CFF136511C1D1AC50001D351 /* Nudger.m in Sources */ = {isa = PBXBuildFile; fileRef = CFF136501C1D1AC50001D351 /* Nudger.m */; };
		CFF136551C1D1BEE0001D351 /* Group.m in Sources */ = {isa = PBXBuildFile; fileRef = CFF136541C1D1BEE0001D351 /* Group.m */; };
		CFF1365B1C1D201D0001D351 /* Global.m in Sources */ = {isa = PBXBuildFile; fileRef = CFF1365A1C1D201D0001D351 /* Global.m */; };
		CFF136641C1D20300001D351 /* SigninController.m in Sources */ = {isa = PBXBuildFile; fileRef = CFF1365E1C1D20300001D351 /* SigninController.m */; };
		CFF136651C1D20300001D351 /* SignupController.m in Sources */ = {isa = PBXBuildFile; fileRef = CFF136601C1D20300001D351 /* SignupController.m */; };
		CFF136661C1D20300001D351 /* ViewController.m in Sources */ = {isa = PBXBuildFile; fileRef = CFF136621C1D20300001D351 /* ViewController.m */; };
		CFF136721C1D208E0001D351 /* KICropImageView.m in Sources */ = {isa = PBXBuildFile; fileRef = CFF1366B1C1D208E0001D351 /* KICropImageView.m */; };
		CFF136731C1D208E0001D351 /* UIImage+KIAdditions.m in Sources */ = {isa = PBXBuildFile; fileRef = CFF1366D1C1D208E0001D351 /* UIImage+KIAdditions.m */; };
		CFF136741C1D208E0001D351 /* UIImageCropper.m in Sources */ = {isa = PBXBuildFile; fileRef = CFF1366F1C1D208E0001D351 /* UIImageCropper.m */; };
		CFF136751C1D208E0001D351 /* UIImagePickerHelper.m in Sources */ = {isa = PBXBuildFile; fileRef = CFF136711C1D208E0001D351 /* UIImagePickerHelper.m */; };
		CFF1367B1C1D7D110001D351 /* MenuController.m in Sources */ = {isa = PBXBuildFile; fileRef = CFF1367A1C1D7D110001D351 /* MenuController.m */; };
/* End PBXBuildFile section */

/* Begin PBXFileReference section */
		290C02981C1321440093D12A /* SettingController.h */ = {isa = PBXFileReference; fileEncoding = 4; lastKnownFileType = sourcecode.c.h; name = SettingController.h; path = View/SettingController.h; sourceTree = "<group>"; };
		290C02991C1321440093D12A /* SettingController.m */ = {isa = PBXFileReference; fileEncoding = 4; lastKnownFileType = sourcecode.c.objc; name = SettingController.m; path = View/SettingController.m; sourceTree = "<group>"; };
		290C029B1C1367270093D12A /* iAd.framework */ = {isa = PBXFileReference; lastKnownFileType = wrapper.framework; name = iAd.framework; path = System/Library/Frameworks/iAd.framework; sourceTree = SDKROOT; };
		290C02A31C136EE40093D12A /* SearchController.h */ = {isa = PBXFileReference; fileEncoding = 4; lastKnownFileType = sourcecode.c.h; name = SearchController.h; path = View/SearchController.h; sourceTree = "<group>"; };
		290C02A41C136EE40093D12A /* SearchController.m */ = {isa = PBXFileReference; fileEncoding = 4; lastKnownFileType = sourcecode.c.objc; name = SearchController.m; path = View/SearchController.m; sourceTree = "<group>"; };
		290F900D1C1205B900F345D8 /* Default-568h@2x.png */ = {isa = PBXFileReference; lastKnownFileType = image.png; name = "Default-568h@2x.png"; path = "Resources/Default-568h@2x.png"; sourceTree = "<group>"; };
		290F900E1C1205B900F345D8 /* Default.png */ = {isa = PBXFileReference; lastKnownFileType = image.png; name = Default.png; path = Resources/Default.png; sourceTree = "<group>"; };
		290F900F1C1205B900F345D8 /* Default@2x.png */ = {isa = PBXFileReference; lastKnownFileType = image.png; name = "Default@2x.png"; path = "Resources/Default@2x.png"; sourceTree = "<group>"; };
		294891BF1C0F87300086D1BE /* NudgeBuddies.app */ = {isa = PBXFileReference; explicitFileType = wrapper.application; includeInIndex = 0; path = NudgeBuddies.app; sourceTree = BUILT_PRODUCTS_DIR; };
		294891C31C0F87300086D1BE /* main.m */ = {isa = PBXFileReference; lastKnownFileType = sourcecode.c.objc; path = main.m; sourceTree = "<group>"; };
		294891C51C0F87300086D1BE /* AppDelegate.h */ = {isa = PBXFileReference; lastKnownFileType = sourcecode.c.h; path = AppDelegate.h; sourceTree = "<group>"; };
		294891C61C0F87300086D1BE /* AppDelegate.m */ = {isa = PBXFileReference; lastKnownFileType = sourcecode.c.objc; path = AppDelegate.m; sourceTree = "<group>"; };
		294891CC1C0F87300086D1BE /* Base */ = {isa = PBXFileReference; lastKnownFileType = file.storyboard; name = Base; path = Base.lproj/Main.storyboard; sourceTree = "<group>"; };
		294891CE1C0F87300086D1BE /* Assets.xcassets */ = {isa = PBXFileReference; lastKnownFileType = folder.assetcatalog; path = Assets.xcassets; sourceTree = "<group>"; };
		294891D31C0F87300086D1BE /* Info.plist */ = {isa = PBXFileReference; lastKnownFileType = text.plist.xml; path = Info.plist; sourceTree = "<group>"; };
		29EE59381C154A870056BB44 /* FBSDKCoreKit.framework */ = {isa = PBXFileReference; lastKnownFileType = wrapper.framework; path = FBSDKCoreKit.framework; sourceTree = "<group>"; };
		29EE59391C154A870056BB44 /* FBSDKLoginKit.framework */ = {isa = PBXFileReference; lastKnownFileType = wrapper.framework; path = FBSDKLoginKit.framework; sourceTree = "<group>"; };
		29EE593A1C154A870056BB44 /* FBSDKShareKit.framework */ = {isa = PBXFileReference; lastKnownFileType = wrapper.framework; path = FBSDKShareKit.framework; sourceTree = "<group>"; };
		35F20AC1DEFCD4873386B2B2 /* Pods-NudgeBuddies.release.xcconfig */ = {isa = PBXFileReference; includeInIndex = 1; lastKnownFileType = text.xcconfig; name = "Pods-NudgeBuddies.release.xcconfig"; path = "Pods/Target Support Files/Pods-NudgeBuddies/Pods-NudgeBuddies.release.xcconfig"; sourceTree = "<group>"; };
		3724D57CA18C7673B0FEA6D4 /* Pods-NudgeBuddies.debug.xcconfig */ = {isa = PBXFileReference; includeInIndex = 1; lastKnownFileType = text.xcconfig; name = "Pods-NudgeBuddies.debug.xcconfig"; path = "Pods/Target Support Files/Pods-NudgeBuddies/Pods-NudgeBuddies.debug.xcconfig"; sourceTree = "<group>"; };
		4F4AB06B1C2BED08005B91AE /* NBTouchAndHoldButton.h */ = {isa = PBXFileReference; fileEncoding = 4; lastKnownFileType = sourcecode.c.h; name = NBTouchAndHoldButton.h; path = View/Helper/NBTouchAndHoldButton.h; sourceTree = "<group>"; };
		4F4AB06C1C2BED08005B91AE /* NBTouchAndHoldButton.m */ = {isa = PBXFileReference; fileEncoding = 4; lastKnownFileType = sourcecode.c.objc; name = NBTouchAndHoldButton.m; path = View/Helper/NBTouchAndHoldButton.m; sourceTree = "<group>"; };
		4FB519231C271BC000EA06D5 /* AppCenter.h */ = {isa = PBXFileReference; fileEncoding = 4; lastKnownFileType = sourcecode.c.h; name = AppCenter.h; path = Controller/AppCenter.h; sourceTree = "<group>"; };
		4FB519241C271BC000EA06D5 /* AppCenter.m */ = {isa = PBXFileReference; fileEncoding = 4; lastKnownFileType = sourcecode.c.objc; name = AppCenter.m; path = Controller/AppCenter.m; sourceTree = "<group>"; };
		CF5AA1351C1EBA6C00B86FD2 /* NudgeButton.h */ = {isa = PBXFileReference; fileEncoding = 4; lastKnownFileType = sourcecode.c.h; name = NudgeButton.h; path = View/NudgeButton.h; sourceTree = "<group>"; };
		CF5AA1361C1EBA6C00B86FD2 /* NudgeButton.m */ = {isa = PBXFileReference; fileEncoding = 4; lastKnownFileType = sourcecode.c.objc; name = NudgeButton.m; path = View/NudgeButton.m; sourceTree = "<group>"; };
		CF5AA1371C1EBA6C00B86FD2 /* NudgeButton.xib */ = {isa = PBXFileReference; fileEncoding = 4; lastKnownFileType = file.xib; name = NudgeButton.xib; path = View/NudgeButton.xib; sourceTree = "<group>"; };
		CF7D9A0C1C1F3EE30084D555 /* Menu.h */ = {isa = PBXFileReference; fileEncoding = 4; lastKnownFileType = sourcecode.c.h; name = Menu.h; path = Model/Menu.h; sourceTree = "<group>"; };
		CF7D9A0D1C1F3EE30084D555 /* Menu.m */ = {isa = PBXFileReference; fileEncoding = 4; lastKnownFileType = sourcecode.c.objc; name = Menu.m; path = Model/Menu.m; sourceTree = "<group>"; };
		CFD8EEF11C161BCE00F47D45 /* CoreMotion.framework */ = {isa = PBXFileReference; lastKnownFileType = wrapper.framework; name = CoreMotion.framework; path = System/Library/Frameworks/CoreMotion.framework; sourceTree = SDKROOT; };
		CFECA96D1C190EE000846593 /* PrefixHeader.pch */ = {isa = PBXFileReference; fileEncoding = 4; lastKnownFileType = sourcecode.c.h; path = PrefixHeader.pch; sourceTree = "<group>"; };
		CFF1364F1C1D1AC50001D351 /* Nudger.h */ = {isa = PBXFileReference; fileEncoding = 4; lastKnownFileType = sourcecode.c.h; name = Nudger.h; path = Model/Nudger.h; sourceTree = "<group>"; };
		CFF136501C1D1AC50001D351 /* Nudger.m */ = {isa = PBXFileReference; fileEncoding = 4; lastKnownFileType = sourcecode.c.objc; name = Nudger.m; path = Model/Nudger.m; sourceTree = "<group>"; };
		CFF136531C1D1BEE0001D351 /* Group.h */ = {isa = PBXFileReference; fileEncoding = 4; lastKnownFileType = sourcecode.c.h; name = Group.h; path = Model/Group.h; sourceTree = "<group>"; };
		CFF136541C1D1BEE0001D351 /* Group.m */ = {isa = PBXFileReference; fileEncoding = 4; lastKnownFileType = sourcecode.c.objc; name = Group.m; path = Model/Group.m; sourceTree = "<group>"; };
		CFF136591C1D201D0001D351 /* Global.h */ = {isa = PBXFileReference; fileEncoding = 4; lastKnownFileType = sourcecode.c.h; name = Global.h; path = Controller/Global.h; sourceTree = "<group>"; };
		CFF1365A1C1D201D0001D351 /* Global.m */ = {isa = PBXFileReference; fileEncoding = 4; lastKnownFileType = sourcecode.c.objc; name = Global.m; path = Controller/Global.m; sourceTree = "<group>"; };
		CFF1365D1C1D20300001D351 /* SigninController.h */ = {isa = PBXFileReference; fileEncoding = 4; lastKnownFileType = sourcecode.c.h; name = SigninController.h; path = View/SigninController.h; sourceTree = "<group>"; };
		CFF1365E1C1D20300001D351 /* SigninController.m */ = {isa = PBXFileReference; fileEncoding = 4; lastKnownFileType = sourcecode.c.objc; name = SigninController.m; path = View/SigninController.m; sourceTree = "<group>"; };
		CFF1365F1C1D20300001D351 /* SignupController.h */ = {isa = PBXFileReference; fileEncoding = 4; lastKnownFileType = sourcecode.c.h; name = SignupController.h; path = View/SignupController.h; sourceTree = "<group>"; };
		CFF136601C1D20300001D351 /* SignupController.m */ = {isa = PBXFileReference; fileEncoding = 4; lastKnownFileType = sourcecode.c.objc; name = SignupController.m; path = View/SignupController.m; sourceTree = "<group>"; };
		CFF136611C1D20300001D351 /* ViewController.h */ = {isa = PBXFileReference; fileEncoding = 4; lastKnownFileType = sourcecode.c.h; name = ViewController.h; path = View/ViewController.h; sourceTree = "<group>"; };
		CFF136621C1D20300001D351 /* ViewController.m */ = {isa = PBXFileReference; fileEncoding = 4; lastKnownFileType = sourcecode.c.objc; name = ViewController.m; path = View/ViewController.m; sourceTree = "<group>"; };
		CFF1366A1C1D208E0001D351 /* KICropImageView.h */ = {isa = PBXFileReference; fileEncoding = 4; lastKnownFileType = sourcecode.c.h; name = KICropImageView.h; path = View/Helper/KICropImageView.h; sourceTree = "<group>"; };
		CFF1366B1C1D208E0001D351 /* KICropImageView.m */ = {isa = PBXFileReference; fileEncoding = 4; lastKnownFileType = sourcecode.c.objc; name = KICropImageView.m; path = View/Helper/KICropImageView.m; sourceTree = "<group>"; };
		CFF1366C1C1D208E0001D351 /* UIImage+KIAdditions.h */ = {isa = PBXFileReference; fileEncoding = 4; lastKnownFileType = sourcecode.c.h; name = "UIImage+KIAdditions.h"; path = "View/Helper/UIImage+KIAdditions.h"; sourceTree = "<group>"; };
		CFF1366D1C1D208E0001D351 /* UIImage+KIAdditions.m */ = {isa = PBXFileReference; fileEncoding = 4; lastKnownFileType = sourcecode.c.objc; name = "UIImage+KIAdditions.m"; path = "View/Helper/UIImage+KIAdditions.m"; sourceTree = "<group>"; };
		CFF1366E1C1D208E0001D351 /* UIImageCropper.h */ = {isa = PBXFileReference; fileEncoding = 4; lastKnownFileType = sourcecode.c.h; name = UIImageCropper.h; path = View/Helper/UIImageCropper.h; sourceTree = "<group>"; };
		CFF1366F1C1D208E0001D351 /* UIImageCropper.m */ = {isa = PBXFileReference; fileEncoding = 4; lastKnownFileType = sourcecode.c.objc; name = UIImageCropper.m; path = View/Helper/UIImageCropper.m; sourceTree = "<group>"; };
		CFF136701C1D208E0001D351 /* UIImagePickerHelper.h */ = {isa = PBXFileReference; fileEncoding = 4; lastKnownFileType = sourcecode.c.h; name = UIImagePickerHelper.h; path = View/Helper/UIImagePickerHelper.h; sourceTree = "<group>"; };
		CFF136711C1D208E0001D351 /* UIImagePickerHelper.m */ = {isa = PBXFileReference; fileEncoding = 4; lastKnownFileType = sourcecode.c.objc; name = UIImagePickerHelper.m; path = View/Helper/UIImagePickerHelper.m; sourceTree = "<group>"; };
		CFF136791C1D7D110001D351 /* MenuController.h */ = {isa = PBXFileReference; fileEncoding = 4; lastKnownFileType = sourcecode.c.h; name = MenuController.h; path = View/MenuController.h; sourceTree = "<group>"; };
		CFF1367A1C1D7D110001D351 /* MenuController.m */ = {isa = PBXFileReference; fileEncoding = 4; lastKnownFileType = sourcecode.c.objc; name = MenuController.m; path = View/MenuController.m; sourceTree = "<group>"; };
		FA4AF5678EEAF894A5D9F370 /* libPods-NudgeBuddies.a */ = {isa = PBXFileReference; explicitFileType = archive.ar; includeInIndex = 0; path = "libPods-NudgeBuddies.a"; sourceTree = BUILT_PRODUCTS_DIR; };
/* End PBXFileReference section */

/* Begin PBXFrameworksBuildPhase section */
		294891BC1C0F87300086D1BE /* Frameworks */ = {
			isa = PBXFrameworksBuildPhase;
			buildActionMask = 2147483647;
			files = (
				CFD8EEF21C161BCE00F47D45 /* CoreMotion.framework in Frameworks */,
				290C029C1C1367270093D12A /* iAd.framework in Frameworks */,
				29EE593B1C154A870056BB44 /* FBSDKCoreKit.framework in Frameworks */,
				29EE593D1C154A870056BB44 /* FBSDKShareKit.framework in Frameworks */,
				29EE593C1C154A870056BB44 /* FBSDKLoginKit.framework in Frameworks */,
				A701259BD35DE625F1AA06A0 /* libPods-NudgeBuddies.a in Frameworks */,
			);
			runOnlyForDeploymentPostprocessing = 0;
		};
/* End PBXFrameworksBuildPhase section */

/* Begin PBXGroup section */
		290C02931C131E4A0093D12A /* Controller */ = {
			isa = PBXGroup;
			children = (
				CFF136591C1D201D0001D351 /* Global.h */,
				CFF1365A1C1D201D0001D351 /* Global.m */,
				4FB519231C271BC000EA06D5 /* AppCenter.h */,
				4FB519241C271BC000EA06D5 /* AppCenter.m */,
			);
			name = Controller;
			sourceTree = "<group>";
		};
		290C02941C131E610093D12A /* Model */ = {
			isa = PBXGroup;
			children = (
				CFF1364F1C1D1AC50001D351 /* Nudger.h */,
				CFF136501C1D1AC50001D351 /* Nudger.m */,
				CFF136531C1D1BEE0001D351 /* Group.h */,
				CFF136541C1D1BEE0001D351 /* Group.m */,
				CF7D9A0C1C1F3EE30084D555 /* Menu.h */,
				CF7D9A0D1C1F3EE30084D555 /* Menu.m */,
			);
			name = Model;
			sourceTree = "<group>";
		};
		290F900C1C1205AD00F345D8 /* Resources */ = {
			isa = PBXGroup;
			children = (
				290F900D1C1205B900F345D8 /* Default-568h@2x.png */,
				290F900E1C1205B900F345D8 /* Default.png */,
				290F900F1C1205B900F345D8 /* Default@2x.png */,
			);
			name = Resources;
			sourceTree = "<group>";
		};
		294891B61C0F87300086D1BE = {
			isa = PBXGroup;
			children = (
				294891C11C0F87300086D1BE /* NudgeBuddies */,
				294891C01C0F87300086D1BE /* Products */,
				D9282118326487A1A8AAC63C /* Pods */,
				AEF3E02EB89A0D5C4C3580CE /* Frameworks */,
			);
			sourceTree = "<group>";
		};
		294891C01C0F87300086D1BE /* Products */ = {
			isa = PBXGroup;
			children = (
				294891BF1C0F87300086D1BE /* NudgeBuddies.app */,
			);
			name = Products;
			sourceTree = "<group>";
		};
		294891C11C0F87300086D1BE /* NudgeBuddies */ = {
			isa = PBXGroup;
			children = (
				290C02941C131E610093D12A /* Model */,
				290C02931C131E4A0093D12A /* Controller */,
				CFF136521C1D1ADA0001D351 /* View */,
				294891C51C0F87300086D1BE /* AppDelegate.h */,
				294891C61C0F87300086D1BE /* AppDelegate.m */,
				294891CB1C0F87300086D1BE /* Main.storyboard */,
				294891CE1C0F87300086D1BE /* Assets.xcassets */,
				294891D31C0F87300086D1BE /* Info.plist */,
				290F900C1C1205AD00F345D8 /* Resources */,
				294891C21C0F87300086D1BE /* Supporting Files */,
			);
			path = NudgeBuddies;
			sourceTree = "<group>";
		};
		294891C21C0F87300086D1BE /* Supporting Files */ = {
			isa = PBXGroup;
			children = (
				CFECA96D1C190EE000846593 /* PrefixHeader.pch */,
				294891C31C0F87300086D1BE /* main.m */,
			);
			name = "Supporting Files";
			sourceTree = "<group>";
		};
		AEF3E02EB89A0D5C4C3580CE /* Frameworks */ = {
			isa = PBXGroup;
			children = (
				CFD8EEF11C161BCE00F47D45 /* CoreMotion.framework */,
				29EE59381C154A870056BB44 /* FBSDKCoreKit.framework */,
				29EE59391C154A870056BB44 /* FBSDKLoginKit.framework */,
				29EE593A1C154A870056BB44 /* FBSDKShareKit.framework */,
				290C029B1C1367270093D12A /* iAd.framework */,
				FA4AF5678EEAF894A5D9F370 /* libPods-NudgeBuddies.a */,
			);
			name = Frameworks;
			sourceTree = "<group>";
		};
		CFF136521C1D1ADA0001D351 /* View */ = {
			isa = PBXGroup;
			children = (
				CFF136691C1D206D0001D351 /* Helper */,
				CFF1365D1C1D20300001D351 /* SigninController.h */,
				CFF1365E1C1D20300001D351 /* SigninController.m */,
				CFF1365F1C1D20300001D351 /* SignupController.h */,
				CFF136601C1D20300001D351 /* SignupController.m */,
				CFF136611C1D20300001D351 /* ViewController.h */,
				CFF136621C1D20300001D351 /* ViewController.m */,
				290C02981C1321440093D12A /* SettingController.h */,
				290C02991C1321440093D12A /* SettingController.m */,
				290C02A31C136EE40093D12A /* SearchController.h */,
				290C02A41C136EE40093D12A /* SearchController.m */,
				CFF136791C1D7D110001D351 /* MenuController.h */,
				CFF1367A1C1D7D110001D351 /* MenuController.m */,
				CF5AA1351C1EBA6C00B86FD2 /* NudgeButton.h */,
				CF5AA1361C1EBA6C00B86FD2 /* NudgeButton.m */,
				CF5AA1371C1EBA6C00B86FD2 /* NudgeButton.xib */,
			);
			name = View;
			sourceTree = "<group>";
		};
		CFF136691C1D206D0001D351 /* Helper */ = {
			isa = PBXGroup;
			children = (
				4F4AB06B1C2BED08005B91AE /* NBTouchAndHoldButton.h */,
				4F4AB06C1C2BED08005B91AE /* NBTouchAndHoldButton.m */,
				CFF1366A1C1D208E0001D351 /* KICropImageView.h */,
				CFF1366B1C1D208E0001D351 /* KICropImageView.m */,
				CFF1366C1C1D208E0001D351 /* UIImage+KIAdditions.h */,
				CFF1366D1C1D208E0001D351 /* UIImage+KIAdditions.m */,
				CFF1366E1C1D208E0001D351 /* UIImageCropper.h */,
				CFF1366F1C1D208E0001D351 /* UIImageCropper.m */,
				CFF136701C1D208E0001D351 /* UIImagePickerHelper.h */,
				CFF136711C1D208E0001D351 /* UIImagePickerHelper.m */,
			);
			name = Helper;
			sourceTree = "<group>";
		};
		D9282118326487A1A8AAC63C /* Pods */ = {
			isa = PBXGroup;
			children = (
				3724D57CA18C7673B0FEA6D4 /* Pods-NudgeBuddies.debug.xcconfig */,
				35F20AC1DEFCD4873386B2B2 /* Pods-NudgeBuddies.release.xcconfig */,
			);
			name = Pods;
			sourceTree = "<group>";
		};
/* End PBXGroup section */

/* Begin PBXNativeTarget section */
		294891BE1C0F87300086D1BE /* NudgeBuddies */ = {
			isa = PBXNativeTarget;
			buildConfigurationList = 294891D61C0F87300086D1BE /* Build configuration list for PBXNativeTarget "NudgeBuddies" */;
			buildPhases = (
				63E1A525B9C7C8D5DFB2BDC2 /* Check Pods Manifest.lock */,
				294891BB1C0F87300086D1BE /* Sources */,
				294891BC1C0F87300086D1BE /* Frameworks */,
				294891BD1C0F87300086D1BE /* Resources */,
				A2C4CC5770F353CA3D447B72 /* Embed Pods Frameworks */,
				5F492CF80E6D8A36B0740975 /* Copy Pods Resources */,
			);
			buildRules = (
			);
			dependencies = (
			);
			name = NudgeBuddies;
			productName = NudgeBuddies;
			productReference = 294891BF1C0F87300086D1BE /* NudgeBuddies.app */;
			productType = "com.apple.product-type.application";
		};
/* End PBXNativeTarget section */

/* Begin PBXProject section */
		294891B71C0F87300086D1BE /* Project object */ = {
			isa = PBXProject;
			attributes = {
				LastUpgradeCheck = 0710;
				ORGANIZATIONNAME = "Blue Silver";
				TargetAttributes = {
					294891BE1C0F87300086D1BE = {
						CreatedOnToolsVersion = 7.1.1;
						DevelopmentTeam = 675DQF3U3Y;
					};
				};
			};
			buildConfigurationList = 294891BA1C0F87300086D1BE /* Build configuration list for PBXProject "NudgeBuddies" */;
			compatibilityVersion = "Xcode 3.2";
			developmentRegion = English;
			hasScannedForEncodings = 0;
			knownRegions = (
				en,
				Base,
			);
			mainGroup = 294891B61C0F87300086D1BE;
			productRefGroup = 294891C01C0F87300086D1BE /* Products */;
			projectDirPath = "";
			projectRoot = "";
			targets = (
				294891BE1C0F87300086D1BE /* NudgeBuddies */,
			);
		};
/* End PBXProject section */

/* Begin PBXResourcesBuildPhase section */
		294891BD1C0F87300086D1BE /* Resources */ = {
			isa = PBXResourcesBuildPhase;
			buildActionMask = 2147483647;
			files = (
				294891CF1C0F87300086D1BE /* Assets.xcassets in Resources */,
				294891CD1C0F87300086D1BE /* Main.storyboard in Resources */,
				290F90121C1205B900F345D8 /* Default@2x.png in Resources */,
				290F90101C1205B900F345D8 /* Default-568h@2x.png in Resources */,
				290F90111C1205B900F345D8 /* Default.png in Resources */,
				CF5AA1391C1EBA6C00B86FD2 /* NudgeButton.xib in Resources */,
			);
			runOnlyForDeploymentPostprocessing = 0;
		};
/* End PBXResourcesBuildPhase section */

/* Begin PBXShellScriptBuildPhase section */
		5F492CF80E6D8A36B0740975 /* Copy Pods Resources */ = {
			isa = PBXShellScriptBuildPhase;
			buildActionMask = 2147483647;
			files = (
			);
			inputPaths = (
			);
			name = "Copy Pods Resources";
			outputPaths = (
			);
			runOnlyForDeploymentPostprocessing = 0;
			shellPath = /bin/sh;
			shellScript = "\"${SRCROOT}/Pods/Target Support Files/Pods-NudgeBuddies/Pods-NudgeBuddies-resources.sh\"\n";
			showEnvVarsInLog = 0;
		};
		63E1A525B9C7C8D5DFB2BDC2 /* Check Pods Manifest.lock */ = {
			isa = PBXShellScriptBuildPhase;
			buildActionMask = 2147483647;
			files = (
			);
			inputPaths = (
			);
			name = "Check Pods Manifest.lock";
			outputPaths = (
			);
			runOnlyForDeploymentPostprocessing = 0;
			shellPath = /bin/sh;
			shellScript = "diff \"${PODS_ROOT}/../Podfile.lock\" \"${PODS_ROOT}/Manifest.lock\" > /dev/null\nif [[ $? != 0 ]] ; then\n    cat << EOM\nerror: The sandbox is not in sync with the Podfile.lock. Run 'pod install' or update your CocoaPods installation.\nEOM\n    exit 1\nfi\n";
			showEnvVarsInLog = 0;
		};
		A2C4CC5770F353CA3D447B72 /* Embed Pods Frameworks */ = {
			isa = PBXShellScriptBuildPhase;
			buildActionMask = 2147483647;
			files = (
			);
			inputPaths = (
			);
			name = "Embed Pods Frameworks";
			outputPaths = (
			);
			runOnlyForDeploymentPostprocessing = 0;
			shellPath = /bin/sh;
			shellScript = "\"${SRCROOT}/Pods/Target Support Files/Pods-NudgeBuddies/Pods-NudgeBuddies-frameworks.sh\"\n";
			showEnvVarsInLog = 0;
		};
/* End PBXShellScriptBuildPhase section */

/* Begin PBXSourcesBuildPhase section */
		294891BB1C0F87300086D1BE /* Sources */ = {
			isa = PBXSourcesBuildPhase;
			buildActionMask = 2147483647;
			files = (
				CF5AA1381C1EBA6C00B86FD2 /* NudgeButton.m in Sources */,
				CFF136641C1D20300001D351 /* SigninController.m in Sources */,
				CFF136751C1D208E0001D351 /* UIImagePickerHelper.m in Sources */,
				290C02A51C136EE40093D12A /* SearchController.m in Sources */,
				CFF136551C1D1BEE0001D351 /* Group.m in Sources */,
				CFF1367B1C1D7D110001D351 /* MenuController.m in Sources */,
				4FB519251C271BC000EA06D5 /* AppCenter.m in Sources */,
				294891C71C0F87300086D1BE /* AppDelegate.m in Sources */,
				CF7D9A0E1C1F3EE30084D555 /* Menu.m in Sources */,
				CFF136661C1D20300001D351 /* ViewController.m in Sources */,
				CFF136731C1D208E0001D351 /* UIImage+KIAdditions.m in Sources */,
				CFF136741C1D208E0001D351 /* UIImageCropper.m in Sources */,
				CFF136721C1D208E0001D351 /* KICropImageView.m in Sources */,
				CFF136651C1D20300001D351 /* SignupController.m in Sources */,
				CFF136511C1D1AC50001D351 /* Nudger.m in Sources */,
				CFF1365B1C1D201D0001D351 /* Global.m in Sources */,
				4F4AB06D1C2BED08005B91AE /* NBTouchAndHoldButton.m in Sources */,
				290C029A1C1321440093D12A /* SettingController.m in Sources */,
				294891C41C0F87300086D1BE /* main.m in Sources */,
			);
			runOnlyForDeploymentPostprocessing = 0;
		};
/* End PBXSourcesBuildPhase section */

/* Begin PBXVariantGroup section */
		294891CB1C0F87300086D1BE /* Main.storyboard */ = {
			isa = PBXVariantGroup;
			children = (
				294891CC1C0F87300086D1BE /* Base */,
			);
			name = Main.storyboard;
			sourceTree = "<group>";
		};
/* End PBXVariantGroup section */

/* Begin XCBuildConfiguration section */
		294891D41C0F87300086D1BE /* Debug */ = {
			isa = XCBuildConfiguration;
			buildSettings = {
				ALWAYS_SEARCH_USER_PATHS = NO;
				CLANG_CXX_LANGUAGE_STANDARD = "gnu++0x";
				CLANG_CXX_LIBRARY = "libc++";
				CLANG_ENABLE_MODULES = YES;
				CLANG_ENABLE_OBJC_ARC = YES;
				CLANG_WARN_BOOL_CONVERSION = YES;
				CLANG_WARN_CONSTANT_CONVERSION = YES;
				CLANG_WARN_DIRECT_OBJC_ISA_USAGE = YES_ERROR;
				CLANG_WARN_EMPTY_BODY = YES;
				CLANG_WARN_ENUM_CONVERSION = YES;
				CLANG_WARN_INT_CONVERSION = YES;
				CLANG_WARN_OBJC_ROOT_CLASS = YES_ERROR;
				CLANG_WARN_UNREACHABLE_CODE = YES;
				CLANG_WARN__DUPLICATE_METHOD_MATCH = YES;
				CODE_SIGN_IDENTITY = "iPhone Developer: rami mualem (288RPPUNHU)";
				"CODE_SIGN_IDENTITY[sdk=iphoneos*]" = "iPhone Developer: rami mualem (288RPPUNHU)";
				COPY_PHASE_STRIP = NO;
				DEBUG_INFORMATION_FORMAT = dwarf;
				ENABLE_STRICT_OBJC_MSGSEND = YES;
				ENABLE_TESTABILITY = YES;
				GCC_C_LANGUAGE_STANDARD = gnu99;
				GCC_DYNAMIC_NO_PIC = NO;
				GCC_NO_COMMON_BLOCKS = YES;
				GCC_OPTIMIZATION_LEVEL = 0;
				GCC_PREPROCESSOR_DEFINITIONS = (
					"DEBUG=1",
					"$(inherited)",
				);
				GCC_WARN_64_TO_32_BIT_CONVERSION = YES;
				GCC_WARN_ABOUT_RETURN_TYPE = YES_ERROR;
				GCC_WARN_UNDECLARED_SELECTOR = YES;
				GCC_WARN_UNINITIALIZED_AUTOS = YES_AGGRESSIVE;
				GCC_WARN_UNUSED_FUNCTION = YES;
				GCC_WARN_UNUSED_VARIABLE = YES;
				IPHONEOS_DEPLOYMENT_TARGET = 9.1;
				MTL_ENABLE_DEBUG_INFO = YES;
				ONLY_ACTIVE_ARCH = YES;
				PROVISIONING_PROFILE = "7e4a48e2-6925-42bc-b73c-367f04b5d085";
				SDKROOT = iphoneos;
				TARGETED_DEVICE_FAMILY = "1,2";
			};
			name = Debug;
		};
		294891D51C0F87300086D1BE /* Release */ = {
			isa = XCBuildConfiguration;
			buildSettings = {
				ALWAYS_SEARCH_USER_PATHS = NO;
				CLANG_CXX_LANGUAGE_STANDARD = "gnu++0x";
				CLANG_CXX_LIBRARY = "libc++";
				CLANG_ENABLE_MODULES = YES;
				CLANG_ENABLE_OBJC_ARC = YES;
				CLANG_WARN_BOOL_CONVERSION = YES;
				CLANG_WARN_CONSTANT_CONVERSION = YES;
				CLANG_WARN_DIRECT_OBJC_ISA_USAGE = YES_ERROR;
				CLANG_WARN_EMPTY_BODY = YES;
				CLANG_WARN_ENUM_CONVERSION = YES;
				CLANG_WARN_INT_CONVERSION = YES;
				CLANG_WARN_OBJC_ROOT_CLASS = YES_ERROR;
				CLANG_WARN_UNREACHABLE_CODE = YES;
				CLANG_WARN__DUPLICATE_METHOD_MATCH = YES;
				CODE_SIGN_IDENTITY = "iPhone Developer: rami mualem (288RPPUNHU)";
				"CODE_SIGN_IDENTITY[sdk=iphoneos*]" = "iPhone Developer: rami mualem (288RPPUNHU)";
				COPY_PHASE_STRIP = NO;
				DEBUG_INFORMATION_FORMAT = "dwarf-with-dsym";
				ENABLE_NS_ASSERTIONS = NO;
				ENABLE_STRICT_OBJC_MSGSEND = YES;
				GCC_C_LANGUAGE_STANDARD = gnu99;
				GCC_NO_COMMON_BLOCKS = YES;
				GCC_WARN_64_TO_32_BIT_CONVERSION = YES;
				GCC_WARN_ABOUT_RETURN_TYPE = YES_ERROR;
				GCC_WARN_UNDECLARED_SELECTOR = YES;
				GCC_WARN_UNINITIALIZED_AUTOS = YES_AGGRESSIVE;
				GCC_WARN_UNUSED_FUNCTION = YES;
				GCC_WARN_UNUSED_VARIABLE = YES;
				IPHONEOS_DEPLOYMENT_TARGET = 9.1;
				MTL_ENABLE_DEBUG_INFO = NO;
				PROVISIONING_PROFILE = "7e4a48e2-6925-42bc-b73c-367f04b5d085";
				SDKROOT = iphoneos;
				TARGETED_DEVICE_FAMILY = "1,2";
				VALIDATE_PRODUCT = YES;
			};
			name = Release;
		};
		294891D71C0F87300086D1BE /* Debug */ = {
			isa = XCBuildConfiguration;
			baseConfigurationReference = 3724D57CA18C7673B0FEA6D4 /* Pods-NudgeBuddies.debug.xcconfig */;
			buildSettings = {
				ASSETCATALOG_COMPILER_APPICON_NAME = AppIcon;
				CODE_SIGN_IDENTITY = "iPhone Developer: rami mualem (288RPPUNHU)";
				"CODE_SIGN_IDENTITY[sdk=iphoneos*]" = "iPhone Developer: rami mualem (288RPPUNHU)";
				ENABLE_BITCODE = NO;
				FRAMEWORK_SEARCH_PATHS = (
					"$(inherited)",
					"$(PROJECT_DIR)",
				);
				GCC_PRECOMPILE_PREFIX_HEADER = YES;
				GCC_PREFIX_HEADER = NudgeBuddies/PrefixHeader.pch;
				INFOPLIST_FILE = NudgeBuddies/Info.plist;
				IPHONEOS_DEPLOYMENT_TARGET = 8.0;
				LD_RUNPATH_SEARCH_PATHS = "$(inherited) @executable_path/Frameworks";
				PRODUCT_BUNDLE_IDENTIFIER = com.zhs.test;
				PRODUCT_NAME = "$(TARGET_NAME)";
				PROVISIONING_PROFILE = "7e4a48e2-6925-42bc-b73c-367f04b5d085";
				TARGETED_DEVICE_FAMILY = 1;
			};
			name = Debug;
		};
		294891D81C0F87300086D1BE /* Release */ = {
			isa = XCBuildConfiguration;
			baseConfigurationReference = 35F20AC1DEFCD4873386B2B2 /* Pods-NudgeBuddies.release.xcconfig */;
			buildSettings = {
				ASSETCATALOG_COMPILER_APPICON_NAME = AppIcon;
				CODE_SIGN_IDENTITY = "iPhone Developer: rami mualem (288RPPUNHU)";
				"CODE_SIGN_IDENTITY[sdk=iphoneos*]" = "iPhone Developer: rami mualem (288RPPUNHU)";
				ENABLE_BITCODE = NO;
				FRAMEWORK_SEARCH_PATHS = (
					"$(inherited)",
					"$(PROJECT_DIR)",
				);
				GCC_PRECOMPILE_PREFIX_HEADER = YES;
				GCC_PREFIX_HEADER = NudgeBuddies/PrefixHeader.pch;
				INFOPLIST_FILE = NudgeBuddies/Info.plist;
				IPHONEOS_DEPLOYMENT_TARGET = 8.0;
				LD_RUNPATH_SEARCH_PATHS = "$(inherited) @executable_path/Frameworks";
				PRODUCT_BUNDLE_IDENTIFIER = com.zhs.test;
				PRODUCT_NAME = "$(TARGET_NAME)";
				PROVISIONING_PROFILE = "7e4a48e2-6925-42bc-b73c-367f04b5d085";
				TARGETED_DEVICE_FAMILY = 1;
			};
			name = Release;
		};
/* End XCBuildConfiguration section */

/* Begin XCConfigurationList section */
		294891BA1C0F87300086D1BE /* Build configuration list for PBXProject "NudgeBuddies" */ = {
			isa = XCConfigurationList;
			buildConfigurations = (
				294891D41C0F87300086D1BE /* Debug */,
				294891D51C0F87300086D1BE /* Release */,
			);
			defaultConfigurationIsVisible = 0;
			defaultConfigurationName = Release;
		};
		294891D61C0F87300086D1BE /* Build configuration list for PBXNativeTarget "NudgeBuddies" */ = {
			isa = XCConfigurationList;
			buildConfigurations = (
				294891D71C0F87300086D1BE /* Debug */,
				294891D81C0F87300086D1BE /* Release */,
			);
			defaultConfigurationIsVisible = 0;
			defaultConfigurationName = Release;
		};
/* End XCConfigurationList section */
	};
	rootObject = 294891B71C0F87300086D1BE /* Project object */;
}
